
Microsoft Visual Studio Solution File, Format Version 12.00
# Visual Studio Version 17
VisualStudioVersion = 17.14.37328.6 d17.14
MinimumVisualStudioVersion = 10.0.40219.1
Project("{FAE04EC0-301F-11D3-BF4B-00C04F79EFBC}") = "WebApplication1", "WebApplication1\WebApplication1.csproj", "{C790ABD0-A318-4A6C-A62C-6EA667AFA154}"
EndProject
Global
	GlobalSection(SolutionConfigurationPlatforms) = preSolution
		Debug|Any CPU = Debug|Any CPU
		Release|Any CPU = Release|Any CPU
	EndGlobalSection
	GlobalSection(ProjectConfigurationPlatforms) = postSolution
		{C790ABD0-A318-4A6C-A62C-6EA667AFA154}.Debug|Any CPU.ActiveCfg = Debug|Any CPU
		{C790ABD0-A318-4A6C-A62C-6EA667AFA154}.Debug|Any CPU.Build.0 = Debug|Any CPU
		{C790ABD0-A318-4A6C-A62C-6EA667AFA154}.Release|Any CPU.ActiveCfg = Release|Any CPU
		{C790ABD0-A318-4A6C-A62C-6EA667AFA154}.Release|Any CPU.Build.0 = Release|Any CPU
	EndGlobalSection
	GlobalSection(SolutionProperties) = preSolution
		HideSolutionNode = FALSE
	EndGlobalSection
	GlobalSection(ExtensibilityGlobals) = postSolution
		SolutionGuid = {C1679457-18E1-400B-91E8-494DDD58EF60}
	EndGlobalSection
EndGlobal
